
Microsoft Visual Studio Solution File, Format Version 11.00
# Visual C++ Express 2010
Project("{8BC9CEB8-8B4A-11D0-8D11-00A0C91BC942}") = "ATMClient", "ATMClient\ATMClient.vcxproj", "{771AB3E8-A575-4948-B91F-03E83835B58A}"
EndProject
Project("{8BC9CEB8-8B4A-11D0-8D11-00A0C91BC942}") = "ATMServer", "ATMServer\ATMServer.vcxproj", "{99BF6E91-222D-4EBD-9496-19964FA6BA2D}"
EndProject
Project("{8BC9CEB8-8B4A-11D0-8D11-00A0C91BC942}") = "Test", "Test\Test.vcxproj", "{0BFD423C-557E-4584-8D95-36A133A2460A}"
EndProject
Project("{8BC9CEB8-8B4A-11D0-8D11-00A0C91BC942}") = "tinyxml", "tinyxml\tinyxml_lib.vcxproj", "{C406DAEC-0886-4771-8DEA-9D7329B46CC1}"
EndProject
Project("{8BC9CEB8-8B4A-11D0-8D11-00A0C91BC942}") = "Test2", "Test2\Test2.vcxproj", "{991BCD8A-BC3F-4FC3-BA69-6DECBB41A5A5}"
EndProject
Global
	GlobalSection(SolutionConfigurationPlatforms) = preSolution
		Debug|Win32 = Debug|Win32
		Release|Win32 = Release|Win32
	EndGlobalSection
	GlobalSection(ProjectConfigurationPlatforms) = postSolution
		{771AB3E8-A575-4948-B91F-03E83835B58A}.Debug|Win32.ActiveCfg = Debug|Win32
		{771AB3E8-A575-4948-B91F-03E83835B58A}.Debug|Win32.Build.0 = Debug|Win32
		{771AB3E8-A575-4948-B91F-03E83835B58A}.Release|Win32.ActiveCfg = Release|Win32
		{771AB3E8-A575-4948-B91F-03E83835B58A}.Release|Win32.Build.0 = Release|Win32
		{99BF6E91-222D-4EBD-9496-19964FA6BA2D}.Debug|Win32.ActiveCfg = Debug|Win32
		{99BF6E91-222D-4EBD-9496-19964FA6BA2D}.Debug|Win32.Build.0 = Debug|Win32
		{99BF6E91-222D-4EBD-9496-19964FA6BA2D}.Release|Win32.ActiveCfg = Release|Win32
		{99BF6E91-222D-4EBD-9496-19964FA6BA2D}.Release|Win32.Build.0 = Release|Win32
		{0BFD423C-557E-4584-8D95-36A133A2460A}.Debug|Win32.ActiveCfg = Debug|Win32
		{0BFD423C-557E-4584-8D95-36A133A2460A}.Debug|Win32.Build.0 = Debug|Win32
		{0BFD423C-557E-4584-8D95-36A133A2460A}.Release|Win32.ActiveCfg = Release|Win32
		{0BFD423C-557E-4584-8D95-36A133A2460A}.Release|Win32.Build.0 = Release|Win32
		{C406DAEC-0886-4771-8DEA-9D7329B46CC1}.Debug|Win32.ActiveCfg = Debug|Win32
		{C406DAEC-0886-4771-8DEA-9D7329B46CC1}.Debug|Win32.Build.0 = Debug|Win32
		{C406DAEC-0886-4771-8DEA-9D7329B46CC1}.Release|Win32.ActiveCfg = Release|Win32
		{C406DAEC-0886-4771-8DEA-9D7329B46CC1}.Release|Win32.Build.0 = Release|Win32
		{991BCD8A-BC3F-4FC3-BA69-6DECBB41A5A5}.Debug|Win32.ActiveCfg = Debug|Win32
		{991BCD8A-BC3F-4FC3-BA69-6DECBB41A5A5}.Debug|Win32.Build.0 = Debug|Win32
		{991BCD8A-BC3F-4FC3-BA69-6DECBB41A5A5}.Release|Win32.ActiveCfg = Release|Win32
		{991BCD8A-BC3F-4FC3-BA69-6DECBB41A5A5}.Release|Win32.Build.0 = Release|Win32
	EndGlobalSection
	GlobalSection(SolutionProperties) = preSolution
		HideSolutionNode = FALSE
	EndGlobalSection
EndGlobal
